
Microsoft Visual Studio Solution File, Format Version 12.00
# Visual Studio Version 16
VisualStudioVersion = 16.0.30011.22
MinimumVisualStudioVersion = 10.0.40219.1
Project("{8BC9CEB8-8B4A-11D0-8D11-00A0C91BC942}") = "Traffic", "Traffic.vcxproj", "{DC03F21A-01E1-4908-83EB-D0ADC96417AA}"
EndProject
Global
	GlobalSection(SolutionConfigurationPlatforms) = preSolution
		Debug|x64 = Debug|x64
		Debug|x86 = Debug|x86
		Release|x64 = Release|x64
		Release|x86 = Release|x86
	EndGlobalSection
	GlobalSection(ProjectConfigurationPlatforms) = postSolution
		{DC03F21A-01E1-4908-83EB-D0ADC96417AA}.Debug|x64.ActiveCfg = Debug|x64
		{DC03F21A-01E1-4908-83EB-D0ADC96417AA}.Debug|x64.Build.0 = Debug|x64
		{DC03F21A-01E1-4908-83EB-D0ADC96417AA}.Debug|x86.ActiveCfg = Debug|Win32
		{DC03F21A-01E1-4908-83EB-D0ADC96417AA}.Debug|x86.Build.0 = Debug|Win32
		{DC03F21A-01E1-4908-83EB-D0ADC96417AA}.Release|x64.ActiveCfg = Release|x64
		{DC03F21A-01E1-4908-83EB-D0ADC96417AA}.Release|x64.Build.0 = Release|x64
		{DC03F21A-01E1-4908-83EB-D0ADC96417AA}.Release|x86.ActiveCfg = Release|Win32
		{DC03F21A-01E1-4908-83EB-D0ADC96417AA}.Release|x86.Build.0 = Release|Win32
	EndGlobalSection
	GlobalSection(SolutionProperties) = preSolution
		HideSolutionNode = FALSE
	EndGlobalSection
	GlobalSection(ExtensibilityGlobals) = postSolution
		SolutionGuid = {87A51396-D144-4531-99C6-553C62F92752}
	EndGlobalSection
EndGlobal
